// !$*UTF8*$!
{
	archiveVersion = 1;
	classes = {
	};
	objectVersion = 56;
	objects = {

/* Begin PBXBuildFile section */
		5F8933E28FB06D4D5E845A35 /* Pods_messengerApp.framework in Frameworks */ = {isa = PBXBuildFile; fileRef = C590BE61EB31495F22D956D7 /* Pods_messengerApp.framework */; };
		D2240F442907212500796B6D /* AppDelegate.swift in Sources */ = {isa = PBXBuildFile; fileRef = D2240F432907212500796B6D /* AppDelegate.swift */; };
		D2240F462907212500796B6D /* SceneDelegate.swift in Sources */ = {isa = PBXBuildFile; fileRef = D2240F452907212500796B6D /* SceneDelegate.swift */; };
		D2240F4D2907212700796B6D /* Assets.xcassets in Resources */ = {isa = PBXBuildFile; fileRef = D2240F4C2907212700796B6D /* Assets.xcassets */; };
		D2240F502907212700796B6D /* LaunchScreen.storyboard in Resources */ = {isa = PBXBuildFile; fileRef = D2240F4E2907212700796B6D /* LaunchScreen.storyboard */; };
		D2240F72290721F700796B6D /* LoginView.swift in Sources */ = {isa = PBXBuildFile; fileRef = D2240F67290721F600796B6D /* LoginView.swift */; };
		D2240F73290721F700796B6D /* RegisterViewController.swift in Sources */ = {isa = PBXBuildFile; fileRef = D2240F68290721F600796B6D /* RegisterViewController.swift */; };
		D2240F75290721F700796B6D /* RegisterView.swift in Sources */ = {isa = PBXBuildFile; fileRef = D2240F6B290721F600796B6D /* RegisterView.swift */; };
		D2240F76290721F700796B6D /* Alert.swift in Sources */ = {isa = PBXBuildFile; fileRef = D2240F6D290721F600796B6D /* Alert.swift */; };
		D2240F77290721F700796B6D /* LoginViewController.swift in Sources */ = {isa = PBXBuildFile; fileRef = D2240F70290721F600796B6D /* LoginViewController.swift */; };
		D274DC0B29081A09004278B4 /* send.wav in Resources */ = {isa = PBXBuildFile; fileRef = D274DC0A29081A09004278B4 /* send.wav */; };
		D274DC1329081B0F004278B4 /* Extension+UIView.swift in Sources */ = {isa = PBXBuildFile; fileRef = D274DC1229081B0F004278B4 /* Extension+UIView.swift */; };
		D274DC1529081B1E004278B4 /* Custom.swift in Sources */ = {isa = PBXBuildFile; fileRef = D274DC1429081B1E004278B4 /* Custom.swift */; };
		D274DC1729081B31004278B4 /* Extension+Button.swift in Sources */ = {isa = PBXBuildFile; fileRef = D274DC1629081B31004278B4 /* Extension+Button.swift */; };
		D274DC1929081B3E004278B4 /* Extension+String.swift in Sources */ = {isa = PBXBuildFile; fileRef = D274DC1829081B3E004278B4 /* Extension+String.swift */; };
		D274DC1D2908263D004278B4 /* GoogleService-Info.plist in Resources */ = {isa = PBXBuildFile; fileRef = D274DC1C2908263D004278B4 /* GoogleService-Info.plist */; };
		D274DC252908405F004278B4 /* HomeViewController.swift in Sources */ = {isa = PBXBuildFile; fileRef = D274DC242908405F004278B4 /* HomeViewController.swift */; };
		D274DC272908407A004278B4 /* HomeView.swift in Sources */ = {isa = PBXBuildFile; fileRef = D274DC262908407A004278B4 /* HomeView.swift */; };
		D274DC2A29084178004278B4 /* NavView.swift in Sources */ = {isa = PBXBuildFile; fileRef = D274DC2929084178004278B4 /* NavView.swift */; };
		D274DC2D2908778C004278B4 /* Menssage.swift in Sources */ = {isa = PBXBuildFile; fileRef = D274DC2C2908778C004278B4 /* Menssage.swift */; };
		D274DC2F29087997004278B4 /* Conversation.swift in Sources */ = {isa = PBXBuildFile; fileRef = D274DC2E29087997004278B4 /* Conversation.swift */; };
		D274DC31290879A2004278B4 /* User.swift in Sources */ = {isa = PBXBuildFile; fileRef = D274DC30290879A2004278B4 /* User.swift */; };
		D274DC33290879C7004278B4 /* Contact.swift in Sources */ = {isa = PBXBuildFile; fileRef = D274DC32290879C7004278B4 /* Contact.swift */; };
/* End PBXBuildFile section */

/* Begin PBXFileReference section */
		649D9A98D20941BBFBCB1BE6 /* Pods-messengerApp.debug.xcconfig */ = {isa = PBXFileReference; includeInIndex = 1; lastKnownFileType = text.xcconfig; name = "Pods-messengerApp.debug.xcconfig"; path = "Target Support Files/Pods-messengerApp/Pods-messengerApp.debug.xcconfig"; sourceTree = "<group>"; };
		918844335662E47905D122E1 /* Pods-messengerApp.release.xcconfig */ = {isa = PBXFileReference; includeInIndex = 1; lastKnownFileType = text.xcconfig; name = "Pods-messengerApp.release.xcconfig"; path = "Target Support Files/Pods-messengerApp/Pods-messengerApp.release.xcconfig"; sourceTree = "<group>"; };
		C590BE61EB31495F22D956D7 /* Pods_messengerApp.framework */ = {isa = PBXFileReference; explicitFileType = wrapper.framework; includeInIndex = 0; path = Pods_messengerApp.framework; sourceTree = BUILT_PRODUCTS_DIR; };
		D2240F402907212500796B6D /* messengerApp.app */ = {isa = PBXFileReference; explicitFileType = wrapper.application; includeInIndex = 0; path = messengerApp.app; sourceTree = BUILT_PRODUCTS_DIR; };
		D2240F432907212500796B6D /* AppDelegate.swift */ = {isa = PBXFileReference; lastKnownFileType = sourcecode.swift; path = AppDelegate.swift; sourceTree = "<group>"; };
		D2240F452907212500796B6D /* SceneDelegate.swift */ = {isa = PBXFileReference; lastKnownFileType = sourcecode.swift; path = SceneDelegate.swift; sourceTree = "<group>"; };
		D2240F4C2907212700796B6D /* Assets.xcassets */ = {isa = PBXFileReference; lastKnownFileType = folder.assetcatalog; path = Assets.xcassets; sourceTree = "<group>"; };
		D2240F4F2907212700796B6D /* Base */ = {isa = PBXFileReference; lastKnownFileType = file.storyboard; name = Base; path = Base.lproj/LaunchScreen.storyboard; sourceTree = "<group>"; };
		D2240F512907212700796B6D /* Info.plist */ = {isa = PBXFileReference; lastKnownFileType = text.plist.xml; path = Info.plist; sourceTree = "<group>"; };
		D2240F67290721F600796B6D /* LoginView.swift */ = {isa = PBXFileReference; fileEncoding = 4; lastKnownFileType = sourcecode.swift; path = LoginView.swift; sourceTree = "<group>"; };
		D2240F68290721F600796B6D /* RegisterViewController.swift */ = {isa = PBXFileReference; fileEncoding = 4; lastKnownFileType = sourcecode.swift; path = RegisterViewController.swift; sourceTree = "<group>"; };
		D2240F6B290721F600796B6D /* RegisterView.swift */ = {isa = PBXFileReference; fileEncoding = 4; lastKnownFileType = sourcecode.swift; path = RegisterView.swift; sourceTree = "<group>"; };
		D2240F6D290721F600796B6D /* Alert.swift */ = {isa = PBXFileReference; fileEncoding = 4; lastKnownFileType = sourcecode.swift; path = Alert.swift; sourceTree = "<group>"; };
		D2240F70290721F600796B6D /* LoginViewController.swift */ = {isa = PBXFileReference; fileEncoding = 4; lastKnownFileType = sourcecode.swift; path = LoginViewController.swift; sourceTree = "<group>"; };
		D274DC0A29081A09004278B4 /* send.wav */ = {isa = PBXFileReference; lastKnownFileType = audio.wav; path = send.wav; sourceTree = "<group>"; };
		D274DC0C29081A9C004278B4 /* Poppins-Medium.ttf */ = {isa = PBXFileReference; lastKnownFileType = file; path = "Poppins-Medium.ttf"; sourceTree = "<group>"; };
		D274DC0D29081AA4004278B4 /* Poppins-SemiBold.ttf */ = {isa = PBXFileReference; lastKnownFileType = file; path = "Poppins-SemiBold.ttf"; sourceTree = "<group>"; };
		D274DC0E29081AAB004278B4 /* Poppins-Bold.ttf */ = {isa = PBXFileReference; lastKnownFileType = file; path = "Poppins-Bold.ttf"; sourceTree = "<group>"; };
		D274DC1229081B0F004278B4 /* Extension+UIView.swift */ = {isa = PBXFileReference; lastKnownFileType = sourcecode.swift; path = "Extension+UIView.swift"; sourceTree = "<group>"; };
		D274DC1429081B1E004278B4 /* Custom.swift */ = {isa = PBXFileReference; lastKnownFileType = sourcecode.swift; path = Custom.swift; sourceTree = "<group>"; };
		D274DC1629081B31004278B4 /* Extension+Button.swift */ = {isa = PBXFileReference; lastKnownFileType = sourcecode.swift; path = "Extension+Button.swift"; sourceTree = "<group>"; };
		D274DC1829081B3E004278B4 /* Extension+String.swift */ = {isa = PBXFileReference; lastKnownFileType = sourcecode.swift; path = "Extension+String.swift"; sourceTree = "<group>"; };
		D274DC1C2908263D004278B4 /* GoogleService-Info.plist */ = {isa = PBXFileReference; fileEncoding = 4; lastKnownFileType = text.plist.xml; path = "GoogleService-Info.plist"; sourceTree = "<group>"; };
		D274DC242908405F004278B4 /* HomeViewController.swift */ = {isa = PBXFileReference; lastKnownFileType = sourcecode.swift; path = HomeViewController.swift; sourceTree = "<group>"; };
		D274DC262908407A004278B4 /* HomeView.swift */ = {isa = PBXFileReference; lastKnownFileType = sourcecode.swift; path = HomeView.swift; sourceTree = "<group>"; };
		D274DC2929084178004278B4 /* NavView.swift */ = {isa = PBXFileReference; lastKnownFileType = sourcecode.swift; path = NavView.swift; sourceTree = "<group>"; };
		D274DC2C2908778C004278B4 /* Menssage.swift */ = {isa = PBXFileReference; lastKnownFileType = sourcecode.swift; path = Menssage.swift; sourceTree = "<group>"; };
		D274DC2E29087997004278B4 /* Conversation.swift */ = {isa = PBXFileReference; lastKnownFileType = sourcecode.swift; path = Conversation.swift; sourceTree = "<group>"; };
		D274DC30290879A2004278B4 /* User.swift */ = {isa = PBXFileReference; lastKnownFileType = sourcecode.swift; path = User.swift; sourceTree = "<group>"; };
		D274DC32290879C7004278B4 /* Contact.swift */ = {isa = PBXFileReference; lastKnownFileType = sourcecode.swift; path = Contact.swift; sourceTree = "<group>"; };
/* End PBXFileReference section */

/* Begin PBXFrameworksBuildPhase section */
		D2240F3D2907212500796B6D /* Frameworks */ = {
			isa = PBXFrameworksBuildPhase;
			buildActionMask = 2147483647;
			files = (
				5F8933E28FB06D4D5E845A35 /* Pods_messengerApp.framework in Frameworks */,
			);
			runOnlyForDeploymentPostprocessing = 0;
		};
/* End PBXFrameworksBuildPhase section */

/* Begin PBXGroup section */
		A5174DD4E1B58C365520EB0F /* Pods */ = {
			isa = PBXGroup;
			children = (
				649D9A98D20941BBFBCB1BE6 /* Pods-messengerApp.debug.xcconfig */,
				918844335662E47905D122E1 /* Pods-messengerApp.release.xcconfig */,
			);
			path = Pods;
			sourceTree = "<group>";
		};
		BDF6FFEA472580F83987BED5 /* Frameworks */ = {
			isa = PBXGroup;
			children = (
				C590BE61EB31495F22D956D7 /* Pods_messengerApp.framework */,
			);
			name = Frameworks;
			sourceTree = "<group>";
		};
		D2240F372907212500796B6D = {
			isa = PBXGroup;
			children = (
				D2240F422907212500796B6D /* messengerApp */,
				D2240F412907212500796B6D /* Products */,
				A5174DD4E1B58C365520EB0F /* Pods */,
				BDF6FFEA472580F83987BED5 /* Frameworks */,
			);
			sourceTree = "<group>";
		};
		D2240F412907212500796B6D /* Products */ = {
			isa = PBXGroup;
			children = (
				D2240F402907212500796B6D /* messengerApp.app */,
			);
			name = Products;
			sourceTree = "<group>";
		};
		D2240F422907212500796B6D /* messengerApp */ = {
			isa = PBXGroup;
			children = (
				D274DC2B2908774C004278B4 /* Model */,
				D274DC0F29081ACA004278B4 /* Utils */,
				D2240F6C290721F600796B6D /* Alert */,
				D274DC1E29084003004278B4 /* Home */,
				D2240F6E290721F600796B6D /* Login */,
				D2240F64290721F600796B6D /* Register */,
				D2240F432907212500796B6D /* AppDelegate.swift */,
				D2240F452907212500796B6D /* SceneDelegate.swift */,
				D2240F4C2907212700796B6D /* Assets.xcassets */,
				D2240F4E2907212700796B6D /* LaunchScreen.storyboard */,
				D2240F512907212700796B6D /* Info.plist */,
				D274DC1C2908263D004278B4 /* GoogleService-Info.plist */,
			);
			path = messengerApp;
			sourceTree = "<group>";
		};
		D2240F64290721F600796B6D /* Register */ = {
			isa = PBXGroup;
			children = (
				D2240F65290721F600796B6D /* Controller */,
				D2240F69290721F600796B6D /* View */,
			);
			path = Register;
			sourceTree = "<group>";
		};
		D2240F65290721F600796B6D /* Controller */ = {
			isa = PBXGroup;
			children = (
				D2240F68290721F600796B6D /* RegisterViewController.swift */,
			);
			path = Controller;
			sourceTree = "<group>";
		};
		D2240F69290721F600796B6D /* View */ = {
			isa = PBXGroup;
			children = (
				D2240F6B290721F600796B6D /* RegisterView.swift */,
			);
			path = View;
			sourceTree = "<group>";
		};
		D2240F6C290721F600796B6D /* Alert */ = {
			isa = PBXGroup;
			children = (
				D2240F6D290721F600796B6D /* Alert.swift */,
			);
			name = Alert;
			path = ../../../loginScreen/LoginScreenViewCode/LoginScreenViewCode/Alert;
			sourceTree = "<group>";
		};
		D2240F6E290721F600796B6D /* Login */ = {
			isa = PBXGroup;
			children = (
				D2240F6F290721F600796B6D /* Controller */,
				D2240F78290724CE00796B6D /* View */,
			);
			path = Login;
			sourceTree = "<group>";
		};
		D2240F6F290721F600796B6D /* Controller */ = {
			isa = PBXGroup;
			children = (
				D2240F70290721F600796B6D /* LoginViewController.swift */,
			);
			path = Controller;
			sourceTree = "<group>";
		};
		D2240F78290724CE00796B6D /* View */ = {
			isa = PBXGroup;
			children = (
				D2240F67290721F600796B6D /* LoginView.swift */,
			);
			path = View;
			sourceTree = "<group>";
		};
		D274DC0F29081ACA004278B4 /* Utils */ = {
			isa = PBXGroup;
			children = (
				D274DC1129081ADC004278B4 /* Sound */,
				D274DC1029081AD6004278B4 /* Fonts */,
				D274DC1229081B0F004278B4 /* Extension+UIView.swift */,
				D274DC1429081B1E004278B4 /* Custom.swift */,
				D274DC1629081B31004278B4 /* Extension+Button.swift */,
				D274DC1829081B3E004278B4 /* Extension+String.swift */,
			);
			path = Utils;
			sourceTree = "<group>";
		};
		D274DC1029081AD6004278B4 /* Fonts */ = {
			isa = PBXGroup;
			children = (
				D274DC0D29081AA4004278B4 /* Poppins-SemiBold.ttf */,
				D274DC0E29081AAB004278B4 /* Poppins-Bold.ttf */,
				D274DC0C29081A9C004278B4 /* Poppins-Medium.ttf */,
			);
			path = Fonts;
			sourceTree = "<group>";
		};
		D274DC1129081ADC004278B4 /* Sound */ = {
			isa = PBXGroup;
			children = (
				D274DC0A29081A09004278B4 /* send.wav */,
			);
			path = Sound;
			sourceTree = "<group>";
		};
		D274DC1E29084003004278B4 /* Home */ = {
			isa = PBXGroup;
			children = (
				D274DC2829084153004278B4 /* NavView */,
				D274DC2029084015004278B4 /* View */,
				D274DC1F29084009004278B4 /* Controller */,
			);
			path = Home;
			sourceTree = "<group>";
		};
		D274DC1F29084009004278B4 /* Controller */ = {
			isa = PBXGroup;
			children = (
				D274DC242908405F004278B4 /* HomeViewController.swift */,
			);
			path = Controller;
			sourceTree = "<group>";
		};
		D274DC2029084015004278B4 /* View */ = {
			isa = PBXGroup;
			children = (
				D274DC262908407A004278B4 /* HomeView.swift */,
			);
			path = View;
			sourceTree = "<group>";
		};
		D274DC2829084153004278B4 /* NavView */ = {
			isa = PBXGroup;
			children = (
				D274DC2929084178004278B4 /* NavView.swift */,
			);
			path = NavView;
			sourceTree = "<group>";
		};
		D274DC2B2908774C004278B4 /* Model */ = {
			isa = PBXGroup;
			children = (
				D274DC2C2908778C004278B4 /* Menssage.swift */,
				D274DC2E29087997004278B4 /* Conversation.swift */,
				D274DC30290879A2004278B4 /* User.swift */,
				D274DC32290879C7004278B4 /* Contact.swift */,
			);
			path = Model;
			sourceTree = "<group>";
		};
/* End PBXGroup section */

/* Begin PBXNativeTarget section */
		D2240F3F2907212500796B6D /* messengerApp */ = {
			isa = PBXNativeTarget;
			buildConfigurationList = D2240F542907212700796B6D /* Build configuration list for PBXNativeTarget "messengerApp" */;
			buildPhases = (
				4720192FC70AA5C164829DB1 /* [CP] Check Pods Manifest.lock */,
				D2240F3C2907212500796B6D /* Sources */,
				D2240F3D2907212500796B6D /* Frameworks */,
				D2240F3E2907212500796B6D /* Resources */,
				25C03A1095E983619421030F /* [CP] Embed Pods Frameworks */,
			);
			buildRules = (
			);
			dependencies = (
			);
			name = messengerApp;
			productName = messengerApp;
			productReference = D2240F402907212500796B6D /* messengerApp.app */;
			productType = "com.apple.product-type.application";
		};
/* End PBXNativeTarget section */

/* Begin PBXProject section */
		D2240F382907212500796B6D /* Project object */ = {
			isa = PBXProject;
			attributes = {
				BuildIndependentTargetsInParallel = 1;
				LastSwiftUpdateCheck = 1400;
				LastUpgradeCheck = 1400;
				TargetAttributes = {
					D2240F3F2907212500796B6D = {
						CreatedOnToolsVersion = 14.0.1;
					};
				};
			};
			buildConfigurationList = D2240F3B2907212500796B6D /* Build configuration list for PBXProject "messengerApp" */;
			compatibilityVersion = "Xcode 14.0";
			developmentRegion = en;
			hasScannedForEncodings = 0;
			knownRegions = (
				en,
				Base,
			);
			mainGroup = D2240F372907212500796B6D;
			productRefGroup = D2240F412907212500796B6D /* Products */;
			projectDirPath = "";
			projectRoot = "";
			targets = (
				D2240F3F2907212500796B6D /* messengerApp */,
			);
		};
/* End PBXProject section */

/* Begin PBXResourcesBuildPhase section */
		D2240F3E2907212500796B6D /* Resources */ = {
			isa = PBXResourcesBuildPhase;
			buildActionMask = 2147483647;
			files = (
				D2240F502907212700796B6D /* LaunchScreen.storyboard in Resources */,
				D274DC0B29081A09004278B4 /* send.wav in Resources */,
				D274DC1D2908263D004278B4 /* GoogleService-Info.plist in Resources */,
				D2240F4D2907212700796B6D /* Assets.xcassets in Resources */,
			);
			runOnlyForDeploymentPostprocessing = 0;
		};
/* End PBXResourcesBuildPhase section */

/* Begin PBXShellScriptBuildPhase section */
		25C03A1095E983619421030F /* [CP] Embed Pods Frameworks */ = {
			isa = PBXShellScriptBuildPhase;
			buildActionMask = 2147483647;
			files = (
			);
			inputFileListPaths = (
				"${PODS_ROOT}/Target Support Files/Pods-messengerApp/Pods-messengerApp-frameworks-${CONFIGURATION}-input-files.xcfilelist",
			);
			name = "[CP] Embed Pods Frameworks";
			outputFileListPaths = (
				"${PODS_ROOT}/Target Support Files/Pods-messengerApp/Pods-messengerApp-frameworks-${CONFIGURATION}-output-files.xcfilelist",
			);
			runOnlyForDeploymentPostprocessing = 0;
			shellPath = /bin/sh;
			shellScript = "\"${PODS_ROOT}/Target Support Files/Pods-messengerApp/Pods-messengerApp-frameworks.sh\"\n";
			showEnvVarsInLog = 0;
		};
		4720192FC70AA5C164829DB1 /* [CP] Check Pods Manifest.lock */ = {
			isa = PBXShellScriptBuildPhase;
			buildActionMask = 2147483647;
			files = (
			);
			inputFileListPaths = (
			);
			inputPaths = (
				"${PODS_PODFILE_DIR_PATH}/Podfile.lock",
				"${PODS_ROOT}/Manifest.lock",
			);
			name = "[CP] Check Pods Manifest.lock";
			outputFileListPaths = (
			);
			outputPaths = (
				"$(DERIVED_FILE_DIR)/Pods-messengerApp-checkManifestLockResult.txt",
			);
			runOnlyForDeploymentPostprocessing = 0;
			shellPath = /bin/sh;
			shellScript = "diff \"${PODS_PODFILE_DIR_PATH}/Podfile.lock\" \"${PODS_ROOT}/Manifest.lock\" > /dev/null\nif [ $? != 0 ] ; then\n    # print error to STDERR\n    echo \"error: The sandbox is not in sync with the Podfile.lock. Run 'pod install' or update your CocoaPods installation.\" >&2\n    exit 1\nfi\n# This output is used by Xcode 'outputs' to avoid re-running this script phase.\necho \"SUCCESS\" > \"${SCRIPT_OUTPUT_FILE_0}\"\n";
			showEnvVarsInLog = 0;
		};
/* End PBXShellScriptBuildPhase section */

/* Begin PBXSourcesBuildPhase section */
		D2240F3C2907212500796B6D /* Sources */ = {
			isa = PBXSourcesBuildPhase;
			buildActionMask = 2147483647;
			files = (
				D2240F76290721F700796B6D /* Alert.swift in Sources */,
				D274DC1929081B3E004278B4 /* Extension+String.swift in Sources */,
				D274DC272908407A004278B4 /* HomeView.swift in Sources */,
				D2240F442907212500796B6D /* AppDelegate.swift in Sources */,
				D274DC1329081B0F004278B4 /* Extension+UIView.swift in Sources */,
				D274DC2F29087997004278B4 /* Conversation.swift in Sources */,
				D274DC2D2908778C004278B4 /* Menssage.swift in Sources */,
				D274DC33290879C7004278B4 /* Contact.swift in Sources */,
				D2240F73290721F700796B6D /* RegisterViewController.swift in Sources */,
				D274DC31290879A2004278B4 /* User.swift in Sources */,
				D274DC2A29084178004278B4 /* NavView.swift in Sources */,
				D2240F75290721F700796B6D /* RegisterView.swift in Sources */,
				D274DC1729081B31004278B4 /* Extension+Button.swift in Sources */,
				D274DC1529081B1E004278B4 /* Custom.swift in Sources */,
				D2240F72290721F700796B6D /* LoginView.swift in Sources */,
				D2240F77290721F700796B6D /* LoginViewController.swift in Sources */,
				D2240F462907212500796B6D /* SceneDelegate.swift in Sources */,
				D274DC252908405F004278B4 /* HomeViewController.swift in Sources */,
			);
			runOnlyForDeploymentPostprocessing = 0;
		};
/* End PBXSourcesBuildPhase section */

/* Begin PBXVariantGroup section */
		D2240F4E2907212700796B6D /* LaunchScreen.storyboard */ = {
			isa = PBXVariantGroup;
			children = (
				D2240F4F2907212700796B6D /* Base */,
			);
			name = LaunchScreen.storyboard;
			sourceTree = "<group>";
		};
/* End PBXVariantGroup section */

/* Begin XCBuildConfiguration section */
		D2240F522907212700796B6D /* Debug */ = {
			isa = XCBuildConfiguration;
			buildSettings = {
				ALWAYS_SEARCH_USER_PATHS = NO;
				CLANG_ANALYZER_NONNULL = YES;
				CLANG_ANALYZER_NUMBER_OBJECT_CONVERSION = YES_AGGRESSIVE;
				CLANG_CXX_LANGUAGE_STANDARD = "gnu++20";
				CLANG_ENABLE_MODULES = YES;
				CLANG_ENABLE_OBJC_ARC = YES;
				CLANG_ENABLE_OBJC_WEAK = YES;
				CLANG_WARN_BLOCK_CAPTURE_AUTORELEASING = YES;
				CLANG_WARN_BOOL_CONVERSION = YES;
				CLANG_WARN_COMMA = YES;
				CLANG_WARN_CONSTANT_CONVERSION = YES;
				CLANG_WARN_DEPRECATED_OBJC_IMPLEMENTATIONS = YES;
				CLANG_WARN_DIRECT_OBJC_ISA_USAGE = YES_ERROR;
				CLANG_WARN_DOCUMENTATION_COMMENTS = YES;
				CLANG_WARN_EMPTY_BODY = YES;
				CLANG_WARN_ENUM_CONVERSION = YES;
				CLANG_WARN_INFINITE_RECURSION = YES;
				CLANG_WARN_INT_CONVERSION = YES;
				CLANG_WARN_NON_LITERAL_NULL_CONVERSION = YES;
				CLANG_WARN_OBJC_IMPLICIT_RETAIN_SELF = YES;
				CLANG_WARN_OBJC_LITERAL_CONVERSION = YES;
				CLANG_WARN_OBJC_ROOT_CLASS = YES_ERROR;
				CLANG_WARN_QUOTED_INCLUDE_IN_FRAMEWORK_HEADER = YES;
				CLANG_WARN_RANGE_LOOP_ANALYSIS = YES;
				CLANG_WARN_STRICT_PROTOTYPES = YES;
				CLANG_WARN_SUSPICIOUS_MOVE = YES;
				CLANG_WARN_UNGUARDED_AVAILABILITY = YES_AGGRESSIVE;
				CLANG_WARN_UNREACHABLE_CODE = YES;
				CLANG_WARN__DUPLICATE_METHOD_MATCH = YES;
				COPY_PHASE_STRIP = NO;
				DEBUG_INFORMATION_FORMAT = dwarf;
				ENABLE_STRICT_OBJC_MSGSEND = YES;
				ENABLE_TESTABILITY = YES;
				GCC_C_LANGUAGE_STANDARD = gnu11;
				GCC_DYNAMIC_NO_PIC = NO;
				GCC_NO_COMMON_BLOCKS = YES;
				GCC_OPTIMIZATION_LEVEL = 0;
				GCC_PREPROCESSOR_DEFINITIONS = (
					"DEBUG=1",
					"$(inherited)",
				);
				GCC_WARN_64_TO_32_BIT_CONVERSION = YES;
				GCC_WARN_ABOUT_RETURN_TYPE = YES_ERROR;
				GCC_WARN_UNDECLARED_SELECTOR = YES;
				GCC_WARN_UNINITIALIZED_AUTOS = YES_AGGRESSIVE;
				GCC_WARN_UNUSED_FUNCTION = YES;
				GCC_WARN_UNUSED_VARIABLE = YES;
				IPHONEOS_DEPLOYMENT_TARGET = 16.0;
				MTL_ENABLE_DEBUG_INFO = INCLUDE_SOURCE;
				MTL_FAST_MATH = YES;
				ONLY_ACTIVE_ARCH = YES;
				SDKROOT = iphoneos;
				SWIFT_ACTIVE_COMPILATION_CONDITIONS = DEBUG;
				SWIFT_OPTIMIZATION_LEVEL = "-Onone";
			};
			name = Debug;
		};
		D2240F532907212700796B6D /* Release */ = {
			isa = XCBuildConfiguration;
			buildSettings = {
				ALWAYS_SEARCH_USER_PATHS = NO;
				CLANG_ANALYZER_NONNULL = YES;
				CLANG_ANALYZER_NUMBER_OBJECT_CONVERSION = YES_AGGRESSIVE;
				CLANG_CXX_LANGUAGE_STANDARD = "gnu++20";
				CLANG_ENABLE_MODULES = YES;
				CLANG_ENABLE_OBJC_ARC = YES;
				CLANG_ENABLE_OBJC_WEAK = YES;
				CLANG_WARN_BLOCK_CAPTURE_AUTORELEASING = YES;
				CLANG_WARN_BOOL_CONVERSION = YES;
				CLANG_WARN_COMMA = YES;
				CLANG_WARN_CONSTANT_CONVERSION = YES;
				CLANG_WARN_DEPRECATED_OBJC_IMPLEMENTATIONS = YES;
				CLANG_WARN_DIRECT_OBJC_ISA_USAGE = YES_ERROR;
				CLANG_WARN_DOCUMENTATION_COMMENTS = YES;
				CLANG_WARN_EMPTY_BODY = YES;
				CLANG_WARN_ENUM_CONVERSION = YES;
				CLANG_WARN_INFINITE_RECURSION = YES;
				CLANG_WARN_INT_CONVERSION = YES;
				CLANG_WARN_NON_LITERAL_NULL_CONVERSION = YES;
				CLANG_WARN_OBJC_IMPLICIT_RETAIN_SELF = YES;
				CLANG_WARN_OBJC_LITERAL_CONVERSION = YES;
				CLANG_WARN_OBJC_ROOT_CLASS = YES_ERROR;
				CLANG_WARN_QUOTED_INCLUDE_IN_FRAMEWORK_HEADER = YES;
				CLANG_WARN_RANGE_LOOP_ANALYSIS = YES;
				CLANG_WARN_STRICT_PROTOTYPES = YES;
				CLANG_WARN_SUSPICIOUS_MOVE = YES;
				CLANG_WARN_UNGUARDED_AVAILABILITY = YES_AGGRESSIVE;
				CLANG_WARN_UNREACHABLE_CODE = YES;
				CLANG_WARN__DUPLICATE_METHOD_MATCH = YES;
				COPY_PHASE_STRIP = NO;
				DEBUG_INFORMATION_FORMAT = "dwarf-with-dsym";
				ENABLE_NS_ASSERTIONS = NO;
				ENABLE_STRICT_OBJC_MSGSEND = YES;
				GCC_C_LANGUAGE_STANDARD = gnu11;
				GCC_NO_COMMON_BLOCKS = YES;
				GCC_WARN_64_TO_32_BIT_CONVERSION = YES;
				GCC_WARN_ABOUT_RETURN_TYPE = YES_ERROR;
				GCC_WARN_UNDECLARED_SELECTOR = YES;
				GCC_WARN_UNINITIALIZED_AUTOS = YES_AGGRESSIVE;
				GCC_WARN_UNUSED_FUNCTION = YES;
				GCC_WARN_UNUSED_VARIABLE = YES;
				IPHONEOS_DEPLOYMENT_TARGET = 16.0;
				MTL_ENABLE_DEBUG_INFO = NO;
				MTL_FAST_MATH = YES;
				SDKROOT = iphoneos;
				SWIFT_COMPILATION_MODE = wholemodule;
				SWIFT_OPTIMIZATION_LEVEL = "-O";
				VALIDATE_PRODUCT = YES;
			};
			name = Release;
		};
		D2240F552907212700796B6D /* Debug */ = {
			isa = XCBuildConfiguration;
			baseConfigurationReference = 649D9A98D20941BBFBCB1BE6 /* Pods-messengerApp.debug.xcconfig */;
			buildSettings = {
				ASSETCATALOG_COMPILER_APPICON_NAME = AppIcon;
				ASSETCATALOG_COMPILER_GLOBAL_ACCENT_COLOR_NAME = AccentColor;
				CODE_SIGN_STYLE = Automatic;
				CURRENT_PROJECT_VERSION = 1;
				DEVELOPMENT_TEAM = 9WJN673TXT;
				GENERATE_INFOPLIST_FILE = YES;
				INFOPLIST_FILE = messengerApp/Info.plist;
				INFOPLIST_KEY_UIApplicationSupportsIndirectInputEvents = YES;
				INFOPLIST_KEY_UILaunchStoryboardName = LaunchScreen;
				INFOPLIST_KEY_UISupportedInterfaceOrientations_iPad = "UIInterfaceOrientationPortrait UIInterfaceOrientationPortraitUpsideDown UIInterfaceOrientationLandscapeLeft UIInterfaceOrientationLandscapeRight";
				INFOPLIST_KEY_UISupportedInterfaceOrientations_iPhone = "UIInterfaceOrientationPortrait UIInterfaceOrientationLandscapeLeft UIInterfaceOrientationLandscapeRight";
				LD_RUNPATH_SEARCH_PATHS = (
					"$(inherited)",
					"@executable_path/Frameworks",
				);
				MARKETING_VERSION = 1.0;
				PRODUCT_BUNDLE_IDENTIFIER = com.ramon.messengerApp;
				PRODUCT_NAME = "$(TARGET_NAME)";
				SWIFT_EMIT_LOC_STRINGS = YES;
				SWIFT_VERSION = 5.0;
				TARGETED_DEVICE_FAMILY = "1,2";
			};
			name = Debug;
		};
		D2240F562907212700796B6D /* Release */ = {
			isa = XCBuildConfiguration;
			baseConfigurationReference = 918844335662E47905D122E1 /* Pods-messengerApp.release.xcconfig */;
			buildSettings = {
				ASSETCATALOG_COMPILER_APPICON_NAME = AppIcon;
				ASSETCATALOG_COMPILER_GLOBAL_ACCENT_COLOR_NAME = AccentColor;
				CODE_SIGN_STYLE = Automatic;
				CURRENT_PROJECT_VERSION = 1;
				DEVELOPMENT_TEAM = 9WJN673TXT;
				GENERATE_INFOPLIST_FILE = YES;
				INFOPLIST_FILE = messengerApp/Info.plist;
				INFOPLIST_KEY_UIApplicationSupportsIndirectInputEvents = YES;
				INFOPLIST_KEY_UILaunchStoryboardName = LaunchScreen;
				INFOPLIST_KEY_UISupportedInterfaceOrientations_iPad = "UIInterfaceOrientationPortrait UIInterfaceOrientationPortraitUpsideDown UIInterfaceOrientationLandscapeLeft UIInterfaceOrientationLandscapeRight";
				INFOPLIST_KEY_UISupportedInterfaceOrientations_iPhone = "UIInterfaceOrientationPortrait UIInterfaceOrientationLandscapeLeft UIInterfaceOrientationLandscapeRight";
				LD_RUNPATH_SEARCH_PATHS = (
					"$(inherited)",
					"@executable_path/Frameworks",
				);
				MARKETING_VERSION = 1.0;
				PRODUCT_BUNDLE_IDENTIFIER = com.ramon.messengerApp;
				PRODUCT_NAME = "$(TARGET_NAME)";
				SWIFT_EMIT_LOC_STRINGS = YES;
				SWIFT_VERSION = 5.0;
				TARGETED_DEVICE_FAMILY = "1,2";
			};
			name = Release;
		};
/* End XCBuildConfiguration section */

/* Begin XCConfigurationList section */
		D2240F3B2907212500796B6D /* Build configuration list for PBXProject "messengerApp" */ = {
			isa = XCConfigurationList;
			buildConfigurations = (
				D2240F522907212700796B6D /* Debug */,
				D2240F532907212700796B6D /* Release */,
			);
			defaultConfigurationIsVisible = 0;
			defaultConfigurationName = Release;
		};
		D2240F542907212700796B6D /* Build configuration list for PBXNativeTarget "messengerApp" */ = {
			isa = XCConfigurationList;
			buildConfigurations = (
				D2240F552907212700796B6D /* Debug */,
				D2240F562907212700796B6D /* Release */,
			);
			defaultConfigurationIsVisible = 0;
			defaultConfigurationName = Release;
		};
/* End XCConfigurationList section */
	};
	rootObject = D2240F382907212500796B6D /* Project object */;
}
